// !$*UTF8*$!
{
	archiveVersion = 1;
	classes = {
	};
	objectVersion = 51;
	objects = {

/* Begin PBXBuildFile section */
		4C2114C7C1A9539D1D478FBB /* Pods_MvvmBasic.framework in Frameworks */ = {isa = PBXBuildFile; fileRef = 180A12BB6675AA52D9606067 /* Pods_MvvmBasic.framework */; };
		7285C76A27117661009BBEB2 /* AppDelegate.swift in Sources */ = {isa = PBXBuildFile; fileRef = 7285C76927117661009BBEB2 /* AppDelegate.swift */; };
		7285C76E27117661009BBEB2 /* CountViewController.swift in Sources */ = {isa = PBXBuildFile; fileRef = 7285C76D27117661009BBEB2 /* CountViewController.swift */; };
		7285C77327117663009BBEB2 /* Assets.xcassets in Resources */ = {isa = PBXBuildFile; fileRef = 7285C77227117663009BBEB2 /* Assets.xcassets */; };
		7285C77627117663009BBEB2 /* LaunchScreen.storyboard in Resources */ = {isa = PBXBuildFile; fileRef = 7285C77427117663009BBEB2 /* LaunchScreen.storyboard */; };
		7285C77F271177DD009BBEB2 /* BaseClasses.swift in Sources */ = {isa = PBXBuildFile; fileRef = 7285C77E271177DD009BBEB2 /* BaseClasses.swift */; };
		7285C782271178AA009BBEB2 /* CountViewModel.swift in Sources */ = {isa = PBXBuildFile; fileRef = 7285C781271178AA009BBEB2 /* CountViewModel.swift */; };
		7285C784271178B4009BBEB2 /* CountView.swift in Sources */ = {isa = PBXBuildFile; fileRef = 7285C783271178B4009BBEB2 /* CountView.swift */; };
/* End PBXBuildFile section */

/* Begin PBXFileReference section */
		0535DD7E804331E3B0AD9762 /* Pods-MvvmBasic.release.xcconfig */ = {isa = PBXFileReference; includeInIndex = 1; lastKnownFileType = text.xcconfig; name = "Pods-MvvmBasic.release.xcconfig"; path = "Target Support Files/Pods-MvvmBasic/Pods-MvvmBasic.release.xcconfig"; sourceTree = "<group>"; };
		180A12BB6675AA52D9606067 /* Pods_MvvmBasic.framework */ = {isa = PBXFileReference; explicitFileType = wrapper.framework; includeInIndex = 0; path = Pods_MvvmBasic.framework; sourceTree = BUILT_PRODUCTS_DIR; };
		2B282A565473D543B6EAFABD /* Pods-MvvmBasic.debug.xcconfig */ = {isa = PBXFileReference; includeInIndex = 1; lastKnownFileType = text.xcconfig; name = "Pods-MvvmBasic.debug.xcconfig"; path = "Target Support Files/Pods-MvvmBasic/Pods-MvvmBasic.debug.xcconfig"; sourceTree = "<group>"; };
		7285C76627117661009BBEB2 /* MvvmBasic.app */ = {isa = PBXFileReference; explicitFileType = wrapper.application; includeInIndex = 0; path = MvvmBasic.app; sourceTree = BUILT_PRODUCTS_DIR; };
		7285C76927117661009BBEB2 /* AppDelegate.swift */ = {isa = PBXFileReference; lastKnownFileType = sourcecode.swift; path = AppDelegate.swift; sourceTree = "<group>"; };
		7285C76D27117661009BBEB2 /* CountViewController.swift */ = {isa = PBXFileReference; lastKnownFileType = sourcecode.swift; path = CountViewController.swift; sourceTree = "<group>"; };
		7285C77227117663009BBEB2 /* Assets.xcassets */ = {isa = PBXFileReference; lastKnownFileType = folder.assetcatalog; path = Assets.xcassets; sourceTree = "<group>"; };
		7285C77527117663009BBEB2 /* Base */ = {isa = PBXFileReference; lastKnownFileType = file.storyboard; name = Base; path = Base.lproj/LaunchScreen.storyboard; sourceTree = "<group>"; };
		7285C77727117663009BBEB2 /* Info.plist */ = {isa = PBXFileReference; lastKnownFileType = text.plist.xml; path = Info.plist; sourceTree = "<group>"; };
		7285C77E271177DD009BBEB2 /* BaseClasses.swift */ = {isa = PBXFileReference; lastKnownFileType = sourcecode.swift; path = BaseClasses.swift; sourceTree = "<group>"; };
		7285C781271178AA009BBEB2 /* CountViewModel.swift */ = {isa = PBXFileReference; lastKnownFileType = sourcecode.swift; path = CountViewModel.swift; sourceTree = "<group>"; };
		7285C783271178B4009BBEB2 /* CountView.swift */ = {isa = PBXFileReference; lastKnownFileType = sourcecode.swift; path = CountView.swift; sourceTree = "<group>"; };
/* End PBXFileReference section */

/* Begin PBXFrameworksBuildPhase section */
		7285C76327117661009BBEB2 /* Frameworks */ = {
			isa = PBXFrameworksBuildPhase;
			buildActionMask = 2147483647;
			files = (
				4C2114C7C1A9539D1D478FBB /* Pods_MvvmBasic.framework in Frameworks */,
			);
			runOnlyForDeploymentPostprocessing = 0;
		};
/* End PBXFrameworksBuildPhase section */

/* Begin PBXGroup section */
		2F257090B1DB2CD1B2C399F9 /* Pods */ = {
			isa = PBXGroup;
			children = (
				2B282A565473D543B6EAFABD /* Pods-MvvmBasic.debug.xcconfig */,
				0535DD7E804331E3B0AD9762 /* Pods-MvvmBasic.release.xcconfig */,
			);
			path = Pods;
			sourceTree = "<group>";
		};
		7285C75D27117661009BBEB2 = {
			isa = PBXGroup;
			children = (
				7285C76827117661009BBEB2 /* MvvmBasic */,
				7285C76727117661009BBEB2 /* Products */,
				2F257090B1DB2CD1B2C399F9 /* Pods */,
				FD715249E61F79862E3C9F1E /* Frameworks */,
			);
			sourceTree = "<group>";
		};
		7285C76727117661009BBEB2 /* Products */ = {
			isa = PBXGroup;
			children = (
				7285C76627117661009BBEB2 /* MvvmBasic.app */,
			);
			name = Products;
			sourceTree = "<group>";
		};
		7285C76827117661009BBEB2 /* MvvmBasic */ = {
			isa = PBXGroup;
			children = (
				7285C7802711783F009BBEB2 /* count */,
				7285C77D271177CA009BBEB2 /* base */,
				7285C76927117661009BBEB2 /* AppDelegate.swift */,
				7285C77227117663009BBEB2 /* Assets.xcassets */,
				7285C77427117663009BBEB2 /* LaunchScreen.storyboard */,
				7285C77727117663009BBEB2 /* Info.plist */,
			);
			path = MvvmBasic;
			sourceTree = "<group>";
		};
		7285C77D271177CA009BBEB2 /* base */ = {
			isa = PBXGroup;
			children = (
				7285C77E271177DD009BBEB2 /* BaseClasses.swift */,
			);
			path = base;
			sourceTree = "<group>";
		};
		7285C7802711783F009BBEB2 /* count */ = {
			isa = PBXGroup;
			children = (
				7285C76D27117661009BBEB2 /* CountViewController.swift */,
				7285C781271178AA009BBEB2 /* CountViewModel.swift */,
				7285C783271178B4009BBEB2 /* CountView.swift */,
			);
			path = count;
			sourceTree = "<group>";
		};
		FD715249E61F79862E3C9F1E /* Frameworks */ = {
			isa = PBXGroup;
			children = (
				180A12BB6675AA52D9606067 /* Pods_MvvmBasic.framework */,
			);
			name = Frameworks;
			sourceTree = "<group>";
		};
/* End PBXGroup section */

/* Begin PBXNativeTarget section */
		7285C76527117661009BBEB2 /* MvvmBasic */ = {
			isa = PBXNativeTarget;
			buildConfigurationList = 7285C77A27117663009BBEB2 /* Build configuration list for PBXNativeTarget "MvvmBasic" */;
			buildPhases = (
				7D258E445D11506ECCE7286F /* [CP] Check Pods Manifest.lock */,
				7285C76227117661009BBEB2 /* Sources */,
				7285C76327117661009BBEB2 /* Frameworks */,
				7285C76427117661009BBEB2 /* Resources */,
				D8ECB80AF79FD22FC7023512 /* [CP] Embed Pods Frameworks */,
			);
			buildRules = (
			);
			dependencies = (
			);
			name = MvvmBasic;
			productName = MvvmBasic;
			productReference = 7285C76627117661009BBEB2 /* MvvmBasic.app */;
			productType = "com.apple.product-type.application";
		};
/* End PBXNativeTarget section */

/* Begin PBXProject section */
		7285C75E27117661009BBEB2 /* Project object */ = {
			isa = PBXProject;
			attributes = {
				LastSwiftUpdateCheck = 1250;
				LastUpgradeCheck = 1250;
				TargetAttributes = {
					7285C76527117661009BBEB2 = {
						CreatedOnToolsVersion = 12.5.1;
					};
				};
			};
			buildConfigurationList = 7285C76127117661009BBEB2 /* Build configuration list for PBXProject "MvvmBasic" */;
			compatibilityVersion = "Xcode 9.3";
			developmentRegion = en;
			hasScannedForEncodings = 0;
			knownRegions = (
				en,
				Base,
			);
			mainGroup = 7285C75D27117661009BBEB2;
			productRefGroup = 7285C76727117661009BBEB2 /* Products */;
			projectDirPath = "";
			projectRoot = "";
			targets = (
				7285C76527117661009BBEB2 /* MvvmBasic */,
			);
		};
/* End PBXProject section */

/* Begin PBXResourcesBuildPhase section */
		7285C76427117661009BBEB2 /* Resources */ = {
			isa = PBXResourcesBuildPhase;
			buildActionMask = 2147483647;
			files = (
				7285C77627117663009BBEB2 /* LaunchScreen.storyboard in Resources */,
				7285C77327117663009BBEB2 /* Assets.xcassets in Resources */,
			);
			runOnlyForDeploymentPostprocessing = 0;
		};
/* End PBXResourcesBuildPhase section */

/* Begin PBXShellScriptBuildPhase section */
		7D258E445D11506ECCE7286F /* [CP] Check Pods Manifest.lock */ = {
			isa = PBXShellScriptBuildPhase;
			buildActionMask = 2147483647;
			files = (
			);
			inputFileListPaths = (
			);
			inputPaths = (
				"${PODS_PODFILE_DIR_PATH}/Podfile.lock",
				"${PODS_ROOT}/Manifest.lock",
			);
			name = "[CP] Check Pods Manifest.lock";
			outputFileListPaths = (
			);
			outputPaths = (
				"$(DERIVED_FILE_DIR)/Pods-MvvmBasic-checkManifestLockResult.txt",
			);
			runOnlyForDeploymentPostprocessing = 0;
			shellPath = /bin/sh;
			shellScript = "diff \"${PODS_PODFILE_DIR_PATH}/Podfile.lock\" \"${PODS_ROOT}/Manifest.lock\" > /dev/null\nif [ $? != 0 ] ; then\n    # print error to STDERR\n    echo \"error: The sandbox is not in sync with the Podfile.lock. Run 'pod install' or update your CocoaPods installation.\" >&2\n    exit 1\nfi\n# This output is used by Xcode 'outputs' to avoid re-running this script phase.\necho \"SUCCESS\" > \"${SCRIPT_OUTPUT_FILE_0}\"\n";
			showEnvVarsInLog = 0;
		};
		D8ECB80AF79FD22FC7023512 /* [CP] Embed Pods Frameworks */ = {
			isa = PBXShellScriptBuildPhase;
			buildActionMask = 2147483647;
			files = (
			);
			inputFileListPaths = (
				"${PODS_ROOT}/Target Support Files/Pods-MvvmBasic/Pods-MvvmBasic-frameworks-${CONFIGURATION}-input-files.xcfilelist",
			);
			name = "[CP] Embed Pods Frameworks";
			outputFileListPaths = (
				"${PODS_ROOT}/Target Support Files/Pods-MvvmBasic/Pods-MvvmBasic-frameworks-${CONFIGURATION}-output-files.xcfilelist",
			);
			runOnlyForDeploymentPostprocessing = 0;
			shellPath = /bin/sh;
			shellScript = "\"${PODS_ROOT}/Target Support Files/Pods-MvvmBasic/Pods-MvvmBasic-frameworks.sh\"\n";
			showEnvVarsInLog = 0;
		};
/* End PBXShellScriptBuildPhase section */

/* Begin PBXSourcesBuildPhase section */
		7285C76227117661009BBEB2 /* Sources */ = {
			isa = PBXSourcesBuildPhase;
			buildActionMask = 2147483647;
			files = (
				7285C76E27117661009BBEB2 /* CountViewController.swift in Sources */,
				7285C77F271177DD009BBEB2 /* BaseClasses.swift in Sources */,
				7285C782271178AA009BBEB2 /* CountViewModel.swift in Sources */,
				7285C784271178B4009BBEB2 /* CountView.swift in Sources */,
				7285C76A27117661009BBEB2 /* AppDelegate.swift in Sources */,
			);
			runOnlyForDeploymentPostprocessing = 0;
		};
/* End PBXSourcesBuildPhase section */

/* Begin PBXVariantGroup section */
		7285C77427117663009BBEB2 /* LaunchScreen.storyboard */ = {
			isa = PBXVariantGroup;
			children = (
				7285C77527117663009BBEB2 /* Base */,
			);
			name = LaunchScreen.storyboard;
			sourceTree = "<group>";
		};
/* End PBXVariantGroup section */

/* Begin XCBuildConfiguration section */
		7285C77827117663009BBEB2 /* Debug */ = {
			isa = XCBuildConfiguration;
			buildSettings = {
				ALWAYS_SEARCH_USER_PATHS = NO;
				CLANG_ANALYZER_NONNULL = YES;
				CLANG_ANALYZER_NUMBER_OBJECT_CONVERSION = YES_AGGRESSIVE;
				CLANG_CXX_LANGUAGE_STANDARD = "gnu++14";
				CLANG_CXX_LIBRARY = "libc++";
				CLANG_ENABLE_MODULES = YES;
				CLANG_ENABLE_OBJC_ARC = YES;
				CLANG_ENABLE_OBJC_WEAK = YES;
				CLANG_WARN_BLOCK_CAPTURE_AUTORELEASING = YES;
				CLANG_WARN_BOOL_CONVERSION = YES;
				CLANG_WARN_COMMA = YES;
				CLANG_WARN_CONSTANT_CONVERSION = YES;
				CLANG_WARN_DEPRECATED_OBJC_IMPLEMENTATIONS = YES;
				CLANG_WARN_DIRECT_OBJC_ISA_USAGE = YES_ERROR;
				CLANG_WARN_DOCUMENTATION_COMMENTS = YES;
				CLANG_WARN_EMPTY_BODY = YES;
				CLANG_WARN_ENUM_CONVERSION = YES;
				CLANG_WARN_INFINITE_RECURSION = YES;
				CLANG_WARN_INT_CONVERSION = YES;
				CLANG_WARN_NON_LITERAL_NULL_CONVERSION = YES;
				CLANG_WARN_OBJC_IMPLICIT_RETAIN_SELF = YES;
				CLANG_WARN_OBJC_LITERAL_CONVERSION = YES;
				CLANG_WARN_OBJC_ROOT_CLASS = YES_ERROR;
				CLANG_WARN_QUOTED_INCLUDE_IN_FRAMEWORK_HEADER = YES;
				CLANG_WARN_RANGE_LOOP_ANALYSIS = YES;
				CLANG_WARN_STRICT_PROTOTYPES = YES;
				CLANG_WARN_SUSPICIOUS_MOVE = YES;
				CLANG_WARN_UNGUARDED_AVAILABILITY = YES_AGGRESSIVE;
				CLANG_WARN_UNREACHABLE_CODE = YES;
				CLANG_WARN__DUPLICATE_METHOD_MATCH = YES;
				COPY_PHASE_STRIP = NO;
				DEBUG_INFORMATION_FORMAT = dwarf;
				ENABLE_STRICT_OBJC_MSGSEND = YES;
				ENABLE_TESTABILITY = YES;
				GCC_C_LANGUAGE_STANDARD = gnu11;
				GCC_DYNAMIC_NO_PIC = NO;
				GCC_NO_COMMON_BLOCKS = YES;
				GCC_OPTIMIZATION_LEVEL = 0;
				GCC_PREPROCESSOR_DEFINITIONS = (
					"DEBUG=1",
					"$(inherited)",
				);
				GCC_WARN_64_TO_32_BIT_CONVERSION = YES;
				GCC_WARN_ABOUT_RETURN_TYPE = YES_ERROR;
				GCC_WARN_UNDECLARED_SELECTOR = YES;
				GCC_WARN_UNINITIALIZED_AUTOS = YES_AGGRESSIVE;
				GCC_WARN_UNUSED_FUNCTION = YES;
				GCC_WARN_UNUSED_VARIABLE = YES;
				IPHONEOS_DEPLOYMENT_TARGET = 14.5;
				MTL_ENABLE_DEBUG_INFO = INCLUDE_SOURCE;
				MTL_FAST_MATH = YES;
				ONLY_ACTIVE_ARCH = YES;
				SDKROOT = iphoneos;
				SWIFT_ACTIVE_COMPILATION_CONDITIONS = DEBUG;
				SWIFT_OPTIMIZATION_LEVEL = "-Onone";
			};
			name = Debug;
		};
		7285C77927117663009BBEB2 /* Release */ = {
			isa = XCBuildConfiguration;
			buildSettings = {
				ALWAYS_SEARCH_USER_PATHS = NO;
				CLANG_ANALYZER_NONNULL = YES;
				CLANG_ANALYZER_NUMBER_OBJECT_CONVERSION = YES_AGGRESSIVE;
				CLANG_CXX_LANGUAGE_STANDARD = "gnu++14";
				CLANG_CXX_LIBRARY = "libc++";
				CLANG_ENABLE_MODULES = YES;
				CLANG_ENABLE_OBJC_ARC = YES;
				CLANG_ENABLE_OBJC_WEAK = YES;
				CLANG_WARN_BLOCK_CAPTURE_AUTORELEASING = YES;
				CLANG_WARN_BOOL_CONVERSION = YES;
				CLANG_WARN_COMMA = YES;
				CLANG_WARN_CONSTANT_CONVERSION = YES;
				CLANG_WARN_DEPRECATED_OBJC_IMPLEMENTATIONS = YES;
				CLANG_WARN_DIRECT_OBJC_ISA_USAGE = YES_ERROR;
				CLANG_WARN_DOCUMENTATION_COMMENTS = YES;
				CLANG_WARN_EMPTY_BODY = YES;
				CLANG_WARN_ENUM_CONVERSION = YES;
				CLANG_WARN_INFINITE_RECURSION = YES;
				CLANG_WARN_INT_CONVERSION = YES;
				CLANG_WARN_NON_LITERAL_NULL_CONVERSION = YES;
				CLANG_WARN_OBJC_IMPLICIT_RETAIN_SELF = YES;
				CLANG_WARN_OBJC_LITERAL_CONVERSION = YES;
				CLANG_WARN_OBJC_ROOT_CLASS = YES_ERROR;
				CLANG_WARN_QUOTED_INCLUDE_IN_FRAMEWORK_HEADER = YES;
				CLANG_WARN_RANGE_LOOP_ANALYSIS = YES;
				CLANG_WARN_STRICT_PROTOTYPES = YES;
				CLANG_WARN_SUSPICIOUS_MOVE = YES;
				CLANG_WARN_UNGUARDED_AVAILABILITY = YES_AGGRESSIVE;
				CLANG_WARN_UNREACHABLE_CODE = YES;
				CLANG_WARN__DUPLICATE_METHOD_MATCH = YES;
				COPY_PHASE_STRIP = NO;
				DEBUG_INFORMATION_FORMAT = "dwarf-with-dsym";
				ENABLE_NS_ASSERTIONS = NO;
				ENABLE_STRICT_OBJC_MSGSEND = YES;
				GCC_C_LANGUAGE_STANDARD = gnu11;
				GCC_NO_COMMON_BLOCKS = YES;
				GCC_WARN_64_TO_32_BIT_CONVERSION = YES;
				GCC_WARN_ABOUT_RETURN_TYPE = YES_ERROR;
				GCC_WARN_UNDECLARED_SELECTOR = YES;
				GCC_WARN_UNINITIALIZED_AUTOS = YES_AGGRESSIVE;
				GCC_WARN_UNUSED_FUNCTION = YES;
				GCC_WARN_UNUSED_VARIABLE = YES;
				IPHONEOS_DEPLOYMENT_TARGET = 14.5;
				MTL_ENABLE_DEBUG_INFO = NO;
				MTL_FAST_MATH = YES;
				SDKROOT = iphoneos;
				SWIFT_COMPILATION_MODE = wholemodule;
				SWIFT_OPTIMIZATION_LEVEL = "-O";
				VALIDATE_PRODUCT = YES;
			};
			name = Release;
		};
		7285C77B27117663009BBEB2 /* Debug */ = {
			isa = XCBuildConfiguration;
			baseConfigurationReference = 2B282A565473D543B6EAFABD /* Pods-MvvmBasic.debug.xcconfig */;
			buildSettings = {
				ASSETCATALOG_COMPILER_APPICON_NAME = AppIcon;
				ASSETCATALOG_COMPILER_GLOBAL_ACCENT_COLOR_NAME = AccentColor;
				CODE_SIGN_STYLE = Automatic;
				DEVELOPMENT_TEAM = LHMNAPQ6N7;
				INFOPLIST_FILE = MvvmBasic/Info.plist;
				LD_RUNPATH_SEARCH_PATHS = (
					"$(inherited)",
					"@executable_path/Frameworks",
				);
				PRODUCT_BUNDLE_IDENTIFIER = practice.MvvmBasic;
				PRODUCT_NAME = "$(TARGET_NAME)";
				SWIFT_VERSION = 5.0;
				TARGETED_DEVICE_FAMILY = "1,2";
			};
			name = Debug;
		};
		7285C77C27117663009BBEB2 /* Release */ = {
			isa = XCBuildConfiguration;
			baseConfigurationReference = 0535DD7E804331E3B0AD9762 /* Pods-MvvmBasic.release.xcconfig */;
			buildSettings = {
				ASSETCATALOG_COMPILER_APPICON_NAME = AppIcon;
				ASSETCATALOG_COMPILER_GLOBAL_ACCENT_COLOR_NAME = AccentColor;
				CODE_SIGN_STYLE = Automatic;
				DEVELOPMENT_TEAM = LHMNAPQ6N7;
				INFOPLIST_FILE = MvvmBasic/Info.plist;
				LD_RUNPATH_SEARCH_PATHS = (
					"$(inherited)",
					"@executable_path/Frameworks",
				);
				PRODUCT_BUNDLE_IDENTIFIER = practice.MvvmBasic;
				PRODUCT_NAME = "$(TARGET_NAME)";
				SWIFT_VERSION = 5.0;
				TARGETED_DEVICE_FAMILY = "1,2";
			};
			name = Release;
		};
/* End XCBuildConfiguration section */

/* Begin XCConfigurationList section */
		7285C76127117661009BBEB2 /* Build configuration list for PBXProject "MvvmBasic" */ = {
			isa = XCConfigurationList;
			buildConfigurations = (
				7285C77827117663009BBEB2 /* Debug */,
				7285C77927117663009BBEB2 /* Release */,
			);
			defaultConfigurationIsVisible = 0;
			defaultConfigurationName = Release;
		};
		7285C77A27117663009BBEB2 /* Build configuration list for PBXNativeTarget "MvvmBasic" */ = {
			isa = XCConfigurationList;
			buildConfigurations = (
				7285C77B27117663009BBEB2 /* Debug */,
				7285C77C27117663009BBEB2 /* Release */,
			);
			defaultConfigurationIsVisible = 0;
			defaultConfigurationName = Release;
		};
/* End XCConfigurationList section */
	};
	rootObject = 7285C75E27117661009BBEB2 /* Project object */;
}
